
Microsoft Visual Studio Solution File, Format Version 12.00
Project("{2150E333-8FDC-42A3-9474-1A3956D46DE8}") = "Sources", "Sources", "{07DF071A-8B26-4A77-8FA1-E56C9ADBF89A}"
EndProject
Project("{2150E333-8FDC-42A3-9474-1A3956D46DE8}") = "Domain", "Domain", "{3632FBD5-7A45-4615-9C30-19B450696163}"
EndProject
Project("{2150E333-8FDC-42A3-9474-1A3956D46DE8}") = "Application", "Application", "{58EBFD56-CDBB-44F9-A64B-6250C3DBA848}"
EndProject
Project("{2150E333-8FDC-42A3-9474-1A3956D46DE8}") = "Infrastructure", "Infrastructure", "{8D6A5CE0-182F-4AF4-8BE1-C4D2C397FDB9}"
EndProject
Global
	GlobalSection(SolutionConfigurationPlatforms) = preSolution
		Debug|Any CPU = Debug|Any CPU
		Release|Any CPU = Release|Any CPU
	EndGlobalSection
	GlobalSection(ProjectConfigurationPlatforms) = postSolution
	EndGlobalSection
	GlobalSection(NestedProjects) = preSolution
		{3632FBD5-7A45-4615-9C30-19B450696163} = {07DF071A-8B26-4A77-8FA1-E56C9ADBF89A}
		{58EBFD56-CDBB-44F9-A64B-6250C3DBA848} = {07DF071A-8B26-4A77-8FA1-E56C9ADBF89A}
		{8D6A5CE0-182F-4AF4-8BE1-C4D2C397FDB9} = {07DF071A-8B26-4A77-8FA1-E56C9ADBF89A}
	EndGlobalSection
EndGlobal
